
Microsoft Visual Studio Solution File, Format Version 12.00
# Visual Studio 14
VisualStudioVersion = 14.0.23107.0
MinimumVisualStudioVersion = 10.0.40219.1
Project("{FAE04EC0-301F-11D3-BF4B-00C04F79EFBC}") = "ShippingPlatform.Model", "ShippingPlatform\ShippingPlatform.Model.csproj", "{96DDEF58-1925-4CD0-8C54-60839FD3F312}"
EndProject
Project("{FAE04EC0-301F-11D3-BF4B-00C04F79EFBC}") = "ShippingPlatform.DataBase", "ShippingPlatform.DataBase\ShippingPlatform.DataBase.csproj", "{1BD390B6-95A8-4842-AFD8-1171C3CCE2C1}"
EndProject
Project("{FAE04EC0-301F-11D3-BF4B-00C04F79EFBC}") = "ConnectionTest", "ConnectionTest\ConnectionTest.csproj", "{08BDA1D3-E811-4ADD-81F5-CE8A09E05528}"
EndProject
Project("{FAE04EC0-301F-11D3-BF4B-00C04F79EFBC}") = "WebService", "WebService\WebService.csproj", "{B8796D24-3EEB-495D-82B5-34634287642C}"
EndProject
Global
	GlobalSection(SolutionConfigurationPlatforms) = preSolution
		Debug|Any CPU = Debug|Any CPU
		Release|Any CPU = Release|Any CPU
	EndGlobalSection
	GlobalSection(ProjectConfigurationPlatforms) = postSolution
		{96DDEF58-1925-4CD0-8C54-60839FD3F312}.Debug|Any CPU.ActiveCfg = Debug|Any CPU
		{96DDEF58-1925-4CD0-8C54-60839FD3F312}.Debug|Any CPU.Build.0 = Debug|Any CPU
		{96DDEF58-1925-4CD0-8C54-60839FD3F312}.Release|Any CPU.ActiveCfg = Release|Any CPU
		{96DDEF58-1925-4CD0-8C54-60839FD3F312}.Release|Any CPU.Build.0 = Release|Any CPU
		{1BD390B6-95A8-4842-AFD8-1171C3CCE2C1}.Debug|Any CPU.ActiveCfg = Debug|Any CPU
		{1BD390B6-95A8-4842-AFD8-1171C3CCE2C1}.Debug|Any CPU.Build.0 = Debug|Any CPU
		{1BD390B6-95A8-4842-AFD8-1171C3CCE2C1}.Release|Any CPU.ActiveCfg = Release|Any CPU
		{1BD390B6-95A8-4842-AFD8-1171C3CCE2C1}.Release|Any CPU.Build.0 = Release|Any CPU
		{08BDA1D3-E811-4ADD-81F5-CE8A09E05528}.Debug|Any CPU.ActiveCfg = Debug|Any CPU
		{08BDA1D3-E811-4ADD-81F5-CE8A09E05528}.Debug|Any CPU.Build.0 = Debug|Any CPU
		{08BDA1D3-E811-4ADD-81F5-CE8A09E05528}.Release|Any CPU.ActiveCfg = Release|Any CPU
		{08BDA1D3-E811-4ADD-81F5-CE8A09E05528}.Release|Any CPU.Build.0 = Release|Any CPU
		{B8796D24-3EEB-495D-82B5-34634287642C}.Debug|Any CPU.ActiveCfg = Debug|Any CPU
		{B8796D24-3EEB-495D-82B5-34634287642C}.Debug|Any CPU.Build.0 = Debug|Any CPU
		{B8796D24-3EEB-495D-82B5-34634287642C}.Release|Any CPU.ActiveCfg = Release|Any CPU
		{B8796D24-3EEB-495D-82B5-34634287642C}.Release|Any CPU.Build.0 = Release|Any CPU
	EndGlobalSection
	GlobalSection(SolutionProperties) = preSolution
		HideSolutionNode = FALSE
	EndGlobalSection
EndGlobal
